{
  "version": 4,
  "terraform_version": "1.9.8",
  "serial": 12,
  "lineage": "f91fc0eb-27aa-bb13-c216-fe447eb4c468",
  "outputs": {},
  "resources": [
    {
      "mode": "managed",
      "type": "google_container_cluster",
      "name": "logging_cluster",
      "provider": "provider[\"registry.terraform.io/hashicorp/google\"]",
      "instances": [
        {
          "schema_version": 1,
          "attributes": {
            "addons_config": [
              {
                "cloudrun_config": [],
                "config_connector_config": [],
                "dns_cache_config": [],
                "gce_persistent_disk_csi_driver_config": [
                  {
                    "enabled": true
                  }
                ],
                "gcp_filestore_csi_driver_config": [],
                "gcs_fuse_csi_driver_config": [],
                "gke_backup_agent_config": [],
                "horizontal_pod_autoscaling": [],
                "http_load_balancing": [],
                "network_policy_config": [
                  {
                    "disabled": true
                  }
                ]
              }
            ],
            "allow_net_admin": null,
            "authenticator_groups_config": [],
            "binary_authorization": [
              {
                "enabled": false,
                "evaluation_mode": ""
              }
            ],
            "cluster_autoscaling": [
              {
                "auto_provisioning_defaults": [],
                "enabled": false,
                "resource_limits": []
              }
            ],
            "cluster_ipv4_cidr": "10.4.0.0/14",
            "confidential_nodes": [],
            "cost_management_config": [],
            "database_encryption": [
              {
                "key_name": "",
                "state": "DECRYPTED"
              }
            ],
            "datapath_provider": "",
            "default_max_pods_per_node": null,
            "default_snat_status": [
              {
                "disabled": false
              }
            ],
            "description": "",
            "dns_config": [],
            "enable_autopilot": false,
            "enable_binary_authorization": false,
            "enable_intranode_visibility": false,
            "enable_k8s_beta_apis": [],
            "enable_kubernetes_alpha": false,
            "enable_l4_ilb_subsetting": false,
            "enable_legacy_abac": false,
            "enable_shielded_nodes": true,
            "enable_tpu": false,
            "endpoint": "34.55.43.145",
            "gateway_api_config": [],
            "id": "projects/sanguine-line-437518-u6/locations/us-central1-c/clusters/logging-cluster",
            "initial_node_count": 1,
            "ip_allocation_policy": [],
            "label_fingerprint": "a9dc16a7",
            "location": "us-central1-c",
            "logging_config": [
              {
                "enable_components": [
                  "SYSTEM_COMPONENTS",
                  "WORKLOADS"
                ]
              }
            ],
            "logging_service": "logging.googleapis.com/kubernetes",
            "maintenance_policy": [],
            "master_auth": [
              {
                "client_certificate": "",
                "client_certificate_config": [
                  {
                    "issue_client_certificate": false
                  }
                ],
                "client_key": "",
                "cluster_ca_certificate": "LS0tLS1CRUdJTiBDRVJUSUZJQ0FURS0tLS0tCk1JSUVMVENDQXBXZ0F3SUJBZ0lSQVAwNUo2VFd2ZmxlalNHM3BKeGRXcDR3RFFZSktvWklodmNOQVFFTEJRQXcKTHpFdE1Dc0dBMVVFQXhNa05ESTBOVFZrWW1RdE9HTXpaUzAwWkRjd0xXRmhOakl0WXprMU9UVTFNVFUyWVdSawpNQ0FYRFRJME1URXhPREU0TWpneU9Gb1lEekl3TlRReE1URXhNVGt5T0RJNFdqQXZNUzB3S3dZRFZRUURFeVEwCk1qUTFOV1JpWkMwNFl6TmxMVFJrTnpBdFlXRTJNaTFqT1RVNU5UVXhOVFpoWkdRd2dnR2lNQTBHQ1NxR1NJYjMKRFFFQkFRVUFBNElCandBd2dnR0tBb0lCZ1FDaVk4NVVzVTYwNlNPcklnOG4vUWxvV2VFYlFyc0xHTWJRc0NZZQo1YzYxZ3cxcFVueXVGVEdZSVlocVlNQTdPNlpoRXA3WmhVVTVMZnRodUdLZ0pJMEoyaUhxYytDdFU2WnVBM0FXCitFTnZWNjlmMU1vZzRuUU9YY09uVnFGOVdpTVREeFpUVDduS3Y0eFpoazZLdEMyZ0NpVmU5QkpVYjNvTTNlcTYKMDExVllsV1FMMkNkVkRSajZYaC9JSlN0YXYweE03K2UzSGM2L0tHVXVMenhvaUJHVWZIMzA1Mm14bWVpaXJ4Qgp4WHM4VSthZ25EdkgyemtWRFlMUE9BOTgwRFZCQzhxTTBkbHFJWU1xVlRvR2x1K1dWdjBScHJuWVM4REpNVzQrClBYamo0TnlHL0RGNjREQTEzN2FYQWkybzNDaHd1ZDBURkVIV2padWhWVDlYR0NrWUJQNTJHR0xoaW9PRFFaVE4KYlR5RmpvYmJDY3gxdU55V3Vsa0NjMUhOYk5qLzQ4dEtMaFh2NHlUOFZDMFRiNllyenZMNTE5cHk3VnFzNkRhQgpNYXZIV1JEVnhBRkZCeGI1akQrVXVlN29iRnRON0hhWWd5cFp3YU4zQVRxanRWanV4NVp0SDNhTlZaZnE1ejhaCmErUkRJZ0J2eEdEb3pzTGtnaGdOcUV1MUN1VUNBd0VBQWFOQ01FQXdEZ1lEVlIwUEFRSC9CQVFEQWdJRU1BOEcKQTFVZEV3RUIvd1FGTUFNQkFmOHdIUVlEVlIwT0JCWUVGSXhSSmw3N0FNZ3lJaEJmMnhWZ1Job3pwaWpJTUEwRwpDU3FHU0liM0RRRUJDd1VBQTRJQmdRQitxTkdVMW5jK3Y2S1JzcUxVUjlGVVFKU1ZCME5relJQYi9ySy9KNzNyCmxVVlB5Z0t0ci9XZkIzR1U4V0orcVFOK2RvMU91TEFhY3lrL2p4NGRjMjFnVWhENUJZelA0dC9hOXNpYlFneUgKK0pwK0lDTHRSV0VVQVFYeEZPRGNIRTgveUhVWEJJelI1OGZlR0Jzb0VJbWZibk8wQ1FiMjQ2K2I3ZCtWa01heAplS3kxTWFLQm9SN0UrOHh6YkMrbmRtZkMwaVBHOXIzaVdBOGxZZFhTQ1VuTytyNzVnRFlIVHJyL2lyNzV6U2xUCmxvS3RGbk00VlZTbVFJem53WkExdjFLd1V1VDRkVkxWRHl4OVdlU3g5TVVhRkt1bWcrazRNS0pKdG15eWVEblMKUityNlBhQXpFblFUM3JFaldpa3dQSEEwZU5aT0ZDZnNzWHNZTlJwNTlKRXdmbmlicnpSblhNSXBmQTFXWU4vUQpicjBROU4yMVFZUjczbkJWRkJYdGRUQU42Y2FUaUJFaDl4MUl4T3RsRXZ3YSt0bG9rSnIyRGZ2cXlDZGxaOExGCldzZG94TEVzRVY0cVhISlI2K00xZ3drbTIxd20yWTk0U2ltYkZzTWtvb3hnNWlmZmlReUxvQ0dLNU9VdmNoRi8KYWhVZTRjZ0VOZ3N5KzlDMkV1NzhZVUE9Ci0tLS0tRU5EIENFUlRJRklDQVRFLS0tLS0K"
              }
            ],
            "master_authorized_networks_config": [],
            "master_version": "1.30.5-gke.1443001",
            "mesh_certificates": [],
            "min_master_version": null,
            "monitoring_config": [
              {
                "advanced_datapath_observability_config": [
                  {
                    "enable_metrics": false,
                    "relay_mode": ""
                  }
                ],
                "enable_components": [
                  "SYSTEM_COMPONENTS",
                  "HPA",
                  "POD",
                  "DAEMONSET",
                  "DEPLOYMENT",
                  "STATEFULSET",
                  "STORAGE",
                  "KUBELET",
                  "CADVISOR"
                ],
                "managed_prometheus": [
                  {
                    "enabled": true
                  }
                ]
              }
            ],
            "monitoring_service": "monitoring.googleapis.com/kubernetes",
            "name": "logging-cluster",
            "network": "projects/sanguine-line-437518-u6/global/networks/default",
            "network_policy": [
              {
                "enabled": false,
                "provider": "PROVIDER_UNSPECIFIED"
              }
            ],
            "networking_mode": "ROUTES",
            "node_config": [],
            "node_locations": [],
            "node_pool": [],
            "node_pool_defaults": [
              {
                "node_config_defaults": [
                  {
                    "logging_variant": "DEFAULT"
                  }
                ]
              }
            ],
            "node_version": "1.30.5-gke.1443001",
            "notification_config": [
              {
                "pubsub": [
                  {
                    "enabled": false,
                    "filter": [],
                    "topic": ""
                  }
                ]
              }
            ],
            "operation": null,
            "private_cluster_config": [
              {
                "enable_private_endpoint": false,
                "enable_private_nodes": false,
                "master_global_access_config": [
                  {
                    "enabled": false
                  }
                ],
                "master_ipv4_cidr_block": "",
                "peering_name": "",
                "private_endpoint": "10.128.15.218",
                "private_endpoint_subnetwork": "",
                "public_endpoint": "34.55.43.145"
              }
            ],
            "private_ipv6_google_access": "",
            "project": "sanguine-line-437518-u6",
            "release_channel": [
              {
                "channel": "REGULAR"
              }
            ],
            "remove_default_node_pool": true,
            "resource_labels": null,
            "resource_usage_export_config": [],
            "security_posture_config": [
              {
                "mode": "BASIC",
                "vulnerability_mode": "VULNERABILITY_MODE_UNSPECIFIED"
              }
            ],
            "self_link": "https://container.googleapis.com/v1/projects/sanguine-line-437518-u6/zones/us-central1-c/clusters/logging-cluster",
            "service_external_ips_config": [
              {
                "enabled": false
              }
            ],
            "services_ipv4_cidr": "10.7.240.0/20",
            "subnetwork": "projects/sanguine-line-437518-u6/regions/us-central1/subnetworks/default",
            "timeouts": null,
            "tpu_ipv4_cidr_block": "",
            "vertical_pod_autoscaling": [],
            "workload_identity_config": []
          },
          "sensitive_attributes": [
            [
              {
                "type": "get_attr",
                "value": "master_auth"
              },
              {
                "type": "index",
                "value": {
                  "value": 0,
                  "type": "number"
                }
              },
              {
                "type": "get_attr",
                "value": "client_key"
              }
            ]
          ],
          "private": "eyJlMmJmYjczMC1lY2FhLTExZTYtOGY4OC0zNDM2M2JjN2M0YzAiOnsiY3JlYXRlIjoyNDAwMDAwMDAwMDAwLCJkZWxldGUiOjI0MDAwMDAwMDAwMDAsInJlYWQiOjI0MDAwMDAwMDAwMDAsInVwZGF0ZSI6MzYwMDAwMDAwMDAwMH0sInNjaGVtYV92ZXJzaW9uIjoiMSJ9"
        }
      ]
    },
    {
      "mode": "managed",
      "type": "google_container_cluster",
      "name": "metrics_cluster",
      "provider": "provider[\"registry.terraform.io/hashicorp/google\"]",
      "instances": [
        {
          "schema_version": 1,
          "attributes": {
            "addons_config": [
              {
                "cloudrun_config": [],
                "config_connector_config": [],
                "dns_cache_config": [],
                "gce_persistent_disk_csi_driver_config": [
                  {
                    "enabled": true
                  }
                ],
                "gcp_filestore_csi_driver_config": [],
                "gcs_fuse_csi_driver_config": [],
                "gke_backup_agent_config": [],
                "horizontal_pod_autoscaling": [],
                "http_load_balancing": [],
                "network_policy_config": [
                  {
                    "disabled": true
                  }
                ]
              }
            ],
            "allow_net_admin": null,
            "authenticator_groups_config": [],
            "binary_authorization": [
              {
                "enabled": false,
                "evaluation_mode": ""
              }
            ],
            "cluster_autoscaling": [
              {
                "auto_provisioning_defaults": [],
                "enabled": false,
                "resource_limits": []
              }
            ],
            "cluster_ipv4_cidr": "10.32.0.0/14",
            "confidential_nodes": [],
            "cost_management_config": [],
            "database_encryption": [
              {
                "key_name": "",
                "state": "DECRYPTED"
              }
            ],
            "datapath_provider": "",
            "default_max_pods_per_node": null,
            "default_snat_status": [
              {
                "disabled": false
              }
            ],
            "description": "",
            "dns_config": [],
            "enable_autopilot": false,
            "enable_binary_authorization": false,
            "enable_intranode_visibility": false,
            "enable_k8s_beta_apis": [],
            "enable_kubernetes_alpha": false,
            "enable_l4_ilb_subsetting": false,
            "enable_legacy_abac": false,
            "enable_shielded_nodes": true,
            "enable_tpu": false,
            "endpoint": "34.30.212.35",
            "gateway_api_config": [],
            "id": "projects/sanguine-line-437518-u6/locations/us-central1-c/clusters/metrics-cluster",
            "initial_node_count": 1,
            "ip_allocation_policy": [],
            "label_fingerprint": "a9dc16a7",
            "location": "us-central1-c",
            "logging_config": [
              {
                "enable_components": [
                  "SYSTEM_COMPONENTS",
                  "WORKLOADS"
                ]
              }
            ],
            "logging_service": "logging.googleapis.com/kubernetes",
            "maintenance_policy": [],
            "master_auth": [
              {
                "client_certificate": "",
                "client_certificate_config": [
                  {
                    "issue_client_certificate": false
                  }
                ],
                "client_key": "",
                "cluster_ca_certificate": "LS0tLS1CRUdJTiBDRVJUSUZJQ0FURS0tLS0tCk1JSUVMRENDQXBTZ0F3SUJBZ0lRVkZDQi9IS0F6UndBK1AvY1FXRDRYREFOQmdrcWhraUc5dzBCQVFzRkFEQXYKTVMwd0t3WURWUVFERXlSaE16ZzBNbVk1TlMweVpqY3pMVFJsTVdRdFlqUXdaaTFrT1dObFlURTJaREF6WXpJdwpJQmNOTWpReE1URTRNVGd5T0RJNFdoZ1BNakExTkRFeE1URXhPVEk0TWpoYU1DOHhMVEFyQmdOVkJBTVRKR0V6Ck9EUXlaamsxTFRKbU56TXROR1V4WkMxaU5EQm1MV1E1WTJWaE1UWmtNRE5qTWpDQ0FhSXdEUVlKS29aSWh2Y04KQVFFQkJRQURnZ0dQQURDQ0FZb0NnZ0dCQUltb3NJd05zanFhRHBpNC9kUjc0bnFNelY0QlBMbFRiTXVjUFdadgpYem9zcUUweGVmR1Y1SmpaMDdmckhTVnBkTlBheHpuTTFweEdZRG1DemlUN0dSUzhmY09BckU1bTlBa0pGd2k3CkJhNmxNb3M3c2d4Z1QrR1prQ1JZUVpkVzU5NXljTFVuS1kyNTJaQnVHUjB6VnZNcCtaSFBjdzIzdUZTV3Jib0IKaWh3NEQzYVYrZnNYWnQra3RoaDQ3eFp0MUk2cEZKd2krc1NOeTBHM004U083Tkh5Q0R2ZTJQZFRUUVZ4SG94WQpGVGNnU2Z4N1dBWnJMR1F2N1ZCcFBRTGFaVTgyRnRCNk40RDd5czdjNnRxOHp3MlJ2KzBQVlpySFBOSGg3M3NQCmFuVEN5em53TnduQmw2WitZQ0ZuVVFFN0c5aFlXcThxMTh1YWViWm4yOFZqRnkwT1BFYjJpNkZaU2QvQml3bHQKaGxPeHVFQnU0N09NV25lV0ZPdHFTeEZJdURZRzhnRHlzaEdFN25RNDJ6TGhnWENPTmRDVTU3cWtVNzc4RkQveQo1a2xLRFphbTBPV2orY1p6RjQrVUx2b0h0SVY2M0ZSaEt5VFFXcSttekVjQVJKWXIyWHU5NDMvbjJRdy9ta3Y2CjM3SDhvZzlwb3Vhd3oyT013YzgxOVI5aTl3SURBUUFCbzBJd1FEQU9CZ05WSFE4QkFmOEVCQU1DQWdRd0R3WUQKVlIwVEFRSC9CQVV3QXdFQi96QWRCZ05WSFE0RUZnUVVkc0NTNVJzcG4wNVlmTHVxT1BkdFJOVHBZR2N3RFFZSgpLb1pJaHZjTkFRRUxCUUFEZ2dHQkFIdm1KTmpSYUdCV1huN0d0Zkl2US9aOUNZT3FITlY2QWJ5U3BaL0h5V3dXCnEvRDlxMVM5WjdxVEdyTmFWVjh2WjQvWHdJVEo2Yk04ZnFhNmJlME5qTHVOVjFwd2xCUGdIYVkrQTJRTjREa2EKd1JpR3ZRN3daaWVXS2JwVlFJd0NXbzVPSDBRRERoMlhBV2lyTzZvbnFOaFI0R3BEVldDK1pMcjlIUEtWbG5uZQpXZnVoOFowcVprdXNmbWYvZ0RBTnRnRGRvL2lZUHY2VmVmRXIyNUovRzgvSGhwOE1yV1BYVllOMzdMbVkvWnRpClhWTzdxbGdQUkQrSldGZjVCRlYvK0dyQzRLZjJRUmFwcnc3Z0xTVjh1OFpydjdJWmlmV1hTam4ya0NoTmFpa3YKS1JwdGFLVGRNMTBIcWViVnJLb2dST0NrRE5vdHgwMGJuVENadSsxTjUvNndMckZCdGtkS2s4UGlOZk9KNlcwcQp2U0IyeFlFaW9KNktmbWJLQWo2c0lOZ0JsYzBmL0czaUxUUm5VUHNFMkNrTERTbDZzeHJVaElYVFVHNXg0aDJXCkF5N2FHOTZJeEZEb2VCalBWc2hHL0p6b0hkVlg1UEI5blc4QnY4TGJqR2NZZjRaTmxGbU0rRlQ3UW9Hd1A2UUIKY0hVNmdVR3JCWStjOEFSd3BxNGZ2QT09Ci0tLS0tRU5EIENFUlRJRklDQVRFLS0tLS0K"
              }
            ],
            "master_authorized_networks_config": [],
            "master_version": "1.30.5-gke.1443001",
            "mesh_certificates": [],
            "min_master_version": null,
            "monitoring_config": [
              {
                "advanced_datapath_observability_config": [
                  {
                    "enable_metrics": false,
                    "relay_mode": ""
                  }
                ],
                "enable_components": [
                  "SYSTEM_COMPONENTS",
                  "HPA",
                  "POD",
                  "DAEMONSET",
                  "DEPLOYMENT",
                  "STATEFULSET",
                  "STORAGE",
                  "KUBELET",
                  "CADVISOR"
                ],
                "managed_prometheus": [
                  {
                    "enabled": true
                  }
                ]
              }
            ],
            "monitoring_service": "monitoring.googleapis.com/kubernetes",
            "name": "metrics-cluster",
            "network": "projects/sanguine-line-437518-u6/global/networks/default",
            "network_policy": [
              {
                "enabled": false,
                "provider": "PROVIDER_UNSPECIFIED"
              }
            ],
            "networking_mode": "ROUTES",
            "node_config": [],
            "node_locations": [],
            "node_pool": [],
            "node_pool_defaults": [
              {
                "node_config_defaults": [
                  {
                    "logging_variant": "DEFAULT"
                  }
                ]
              }
            ],
            "node_version": "1.30.5-gke.1443001",
            "notification_config": [
              {
                "pubsub": [
                  {
                    "enabled": false,
                    "filter": [],
                    "topic": ""
                  }
                ]
              }
            ],
            "operation": null,
            "private_cluster_config": [
              {
                "enable_private_endpoint": false,
                "enable_private_nodes": false,
                "master_global_access_config": [
                  {
                    "enabled": false
                  }
                ],
                "master_ipv4_cidr_block": "",
                "peering_name": "",
                "private_endpoint": "10.128.15.216",
                "private_endpoint_subnetwork": "",
                "public_endpoint": "34.30.212.35"
              }
            ],
            "private_ipv6_google_access": "",
            "project": "sanguine-line-437518-u6",
            "release_channel": [
              {
                "channel": "REGULAR"
              }
            ],
            "remove_default_node_pool": true,
            "resource_labels": null,
            "resource_usage_export_config": [],
            "security_posture_config": [
              {
                "mode": "BASIC",
                "vulnerability_mode": "VULNERABILITY_MODE_UNSPECIFIED"
              }
            ],
            "self_link": "https://container.googleapis.com/v1/projects/sanguine-line-437518-u6/zones/us-central1-c/clusters/metrics-cluster",
            "service_external_ips_config": [
              {
                "enabled": false
              }
            ],
            "services_ipv4_cidr": "10.35.240.0/20",
            "subnetwork": "projects/sanguine-line-437518-u6/regions/us-central1/subnetworks/default",
            "timeouts": null,
            "tpu_ipv4_cidr_block": "",
            "vertical_pod_autoscaling": [],
            "workload_identity_config": []
          },
          "sensitive_attributes": [
            [
              {
                "type": "get_attr",
                "value": "master_auth"
              },
              {
                "type": "index",
                "value": {
                  "value": 0,
                  "type": "number"
                }
              },
              {
                "type": "get_attr",
                "value": "client_key"
              }
            ]
          ],
          "private": "eyJlMmJmYjczMC1lY2FhLTExZTYtOGY4OC0zNDM2M2JjN2M0YzAiOnsiY3JlYXRlIjoyNDAwMDAwMDAwMDAwLCJkZWxldGUiOjI0MDAwMDAwMDAwMDAsInJlYWQiOjI0MDAwMDAwMDAwMDAsInVwZGF0ZSI6MzYwMDAwMDAwMDAwMH0sInNjaGVtYV92ZXJzaW9uIjoiMSJ9"
        }
      ]
    },
    {
      "mode": "managed",
      "type": "google_container_cluster",
      "name": "model_serving_cluster",
      "provider": "provider[\"registry.terraform.io/hashicorp/google\"]",
      "instances": [
        {
          "schema_version": 1,
          "attributes": {
            "addons_config": [
              {
                "cloudrun_config": [],
                "config_connector_config": [],
                "dns_cache_config": [],
                "gce_persistent_disk_csi_driver_config": [
                  {
                    "enabled": true
                  }
                ],
                "gcp_filestore_csi_driver_config": [],
                "gcs_fuse_csi_driver_config": [],
                "gke_backup_agent_config": [],
                "horizontal_pod_autoscaling": [],
                "http_load_balancing": [],
                "network_policy_config": [
                  {
                    "disabled": true
                  }
                ]
              }
            ],
            "allow_net_admin": null,
            "authenticator_groups_config": [],
            "binary_authorization": [
              {
                "enabled": false,
                "evaluation_mode": ""
              }
            ],
            "cluster_autoscaling": [
              {
                "auto_provisioning_defaults": [],
                "enabled": false,
                "resource_limits": []
              }
            ],
            "cluster_ipv4_cidr": "10.0.0.0/14",
            "confidential_nodes": [],
            "cost_management_config": [],
            "database_encryption": [
              {
                "key_name": "",
                "state": "DECRYPTED"
              }
            ],
            "datapath_provider": "",
            "default_max_pods_per_node": null,
            "default_snat_status": [
              {
                "disabled": false
              }
            ],
            "description": "",
            "dns_config": [],
            "enable_autopilot": false,
            "enable_binary_authorization": false,
            "enable_intranode_visibility": false,
            "enable_k8s_beta_apis": [],
            "enable_kubernetes_alpha": false,
            "enable_l4_ilb_subsetting": false,
            "enable_legacy_abac": false,
            "enable_shielded_nodes": true,
            "enable_tpu": false,
            "endpoint": "34.46.46.129",
            "gateway_api_config": [],
            "id": "projects/sanguine-line-437518-u6/locations/us-central1-c/clusters/model-serving-cluster",
            "initial_node_count": 1,
            "ip_allocation_policy": [],
            "label_fingerprint": "a9dc16a7",
            "location": "us-central1-c",
            "logging_config": [
              {
                "enable_components": [
                  "SYSTEM_COMPONENTS",
                  "WORKLOADS"
                ]
              }
            ],
            "logging_service": "logging.googleapis.com/kubernetes",
            "maintenance_policy": [],
            "master_auth": [
              {
                "client_certificate": "",
                "client_certificate_config": [
                  {
                    "issue_client_certificate": false
                  }
                ],
                "client_key": "",
                "cluster_ca_certificate": "LS0tLS1CRUdJTiBDRVJUSUZJQ0FURS0tLS0tCk1JSUVMRENDQXBTZ0F3SUJBZ0lRU3hYZk4yV1ptWGU3MlNxQzlGc285akFOQmdrcWhraUc5dzBCQVFzRkFEQXYKTVMwd0t3WURWUVFERXlReU5EVTNOelV6TWkwNE1tSXlMVFJtWVdFdFlXRm1ZUzB4Tm1Jd1pUVXlORE5pTUdVdwpJQmNOTWpReE1URTRNVGd5T0RJNFdoZ1BNakExTkRFeE1URXhPVEk0TWpoYU1DOHhMVEFyQmdOVkJBTVRKREkwCk5UYzNOVE15TFRneVlqSXROR1poWVMxaFlXWmhMVEUyWWpCbE5USTBNMkl3WlRDQ0FhSXdEUVlKS29aSWh2Y04KQVFFQkJRQURnZ0dQQURDQ0FZb0NnZ0dCQUtieXFTOUZJZXJCblBPbnQ2Rlk4ZGN1bzlMYlNsRGJYK2FqN011WQpxSXFac1M2Z2pNOUFTaW1xZ0JqT1dKNTVhSENrYU44ZmVNeWdnbUZoVVdQTDArVUMxbnBLL1RqOEJaSEVjMHd3CkNjZnlHMlhhUWZzTzgwNEN3WnIzY1RTa3pRRlExaU9pdXlCSU4xRFRWK052aVBxUktxRXBhZDFheE4vdzl0bUUKVExEdUxaV3FpdU00QjlsdmlZZ0RHU2o0UkxndHlqM2VOMGR1cUNWcnpBSEtLNHJURWJzTVpiMGRsOVNyOVdocQo5UDBEdXpjQnlzNU8rVk8wRTA2YitBM3YyL3g5OCsyWmVVbHlUd1gybWIrVm1JNmE3KzBOTmllQ2lMTWREeElkCnZtOGJoK3c5V3JSNlh1dmZsZGNSa1JLVWorK3RObWtXZlVBZmxuNm1SZTBtUkN5TU9XYlFBRk5xQTRyaDllSTUKeDNrb0I1WDRMT2FvWmxnKzdTWDE1V1VzWjZ4L0pBeFBVMUlyTWFzWEVQTEhESWFkTmk0b2lnODh3OWplVWVaSApGSjB6YVMvU284T29sU2Fwd1d3MWQ2MGV3TTU4dmVRN05yUTJJTzA3Z3JMMXprbGs1dGdJaysrNVRyQU93a281CitiNFRTRlRLTWIzMGtwVVUrMkF0ekpuUEV3SURBUUFCbzBJd1FEQU9CZ05WSFE4QkFmOEVCQU1DQWdRd0R3WUQKVlIwVEFRSC9CQVV3QXdFQi96QWRCZ05WSFE0RUZnUVVBUDBjQlVCaTRkTDE1cWF4bklCdFVYZzBvVzB3RFFZSgpLb1pJaHZjTkFRRUxCUUFEZ2dHQkFKNGJKR0R3VU94YVYvOFhPbGwzTFUydGJZVUF5V0ZISnlNS1Ruc2xyNVdxCno1Q05aMGI5UmtuQXRjeDQ0eVYrOHZGTy9Rdk1aMG1mdUh1OEREc2JBQVN1Y0p4dHFSTWRVd2JqeUtsY3ZmbXQKemg3NTd6V05tRFR1cG1PeWJBU2dpYjZVRlY0bE5wNy9nQnFndVRtSnpGYnA2WFBEbjZyaHB0YmhLTS9lWTRTeQo5ZUhqR0pYZWVkK0VYOFJSNVNPWFFJWFhnWEI3Ykt5OVRqdVFxeWY1ZHN3YzhST0ZqUUtaQVVqT3lrNm50c0dtCk5MT2hGZ2ZyVmlXZjl3K05ORXhnMlRvUjBRblV2d2VicWhXOEtNc3JtamZ4V0E5MXh4QTZvTnRjVXg3TGNIbXQKRkIwYndrT1BxTlV1bUs4TndZYUYzVDBvdjJrU1p3RXZxWXNIVWlaM283azYydVhKVTFYWW1BRzdJSkN2Y2xhUApBa2JIM1g3QkEvVko0QkJ0bS9VQ3VSOXlJRXR2aTZsclJHTGM3SlhMb2pFVXlmUGFSVk5YbGlQeXcrZ2xlRkZTCkZRMy9qNU9LczYzVWFoQkp2akJBOWlOOU5zV0Y5S2ovbzZqQUNndTRMWHNLUUJuZ0FEWDFVN1pSVDVrRnFpVUYKWEhTc3hQMjNHZXkzaFpkQXZOdDNmdz09Ci0tLS0tRU5EIENFUlRJRklDQVRFLS0tLS0K"
              }
            ],
            "master_authorized_networks_config": [],
            "master_version": "1.30.5-gke.1443001",
            "mesh_certificates": [],
            "min_master_version": null,
            "monitoring_config": [
              {
                "advanced_datapath_observability_config": [
                  {
                    "enable_metrics": false,
                    "relay_mode": ""
                  }
                ],
                "enable_components": [
                  "SYSTEM_COMPONENTS",
                  "HPA",
                  "POD",
                  "DAEMONSET",
                  "DEPLOYMENT",
                  "STATEFULSET",
                  "STORAGE",
                  "CADVISOR",
                  "KUBELET"
                ],
                "managed_prometheus": [
                  {
                    "enabled": true
                  }
                ]
              }
            ],
            "monitoring_service": "monitoring.googleapis.com/kubernetes",
            "name": "model-serving-cluster",
            "network": "projects/sanguine-line-437518-u6/global/networks/default",
            "network_policy": [
              {
                "enabled": false,
                "provider": "PROVIDER_UNSPECIFIED"
              }
            ],
            "networking_mode": "ROUTES",
            "node_config": [],
            "node_locations": [],
            "node_pool": [],
            "node_pool_defaults": [
              {
                "node_config_defaults": [
                  {
                    "logging_variant": "DEFAULT"
                  }
                ]
              }
            ],
            "node_version": "1.30.5-gke.1443001",
            "notification_config": [
              {
                "pubsub": [
                  {
                    "enabled": false,
                    "filter": [],
                    "topic": ""
                  }
                ]
              }
            ],
            "operation": null,
            "private_cluster_config": [
              {
                "enable_private_endpoint": false,
                "enable_private_nodes": false,
                "master_global_access_config": [
                  {
                    "enabled": false
                  }
                ],
                "master_ipv4_cidr_block": "",
                "peering_name": "",
                "private_endpoint": "10.128.15.217",
                "private_endpoint_subnetwork": "",
                "public_endpoint": "34.46.46.129"
              }
            ],
            "private_ipv6_google_access": "",
            "project": "sanguine-line-437518-u6",
            "release_channel": [
              {
                "channel": "REGULAR"
              }
            ],
            "remove_default_node_pool": true,
            "resource_labels": null,
            "resource_usage_export_config": [],
            "security_posture_config": [
              {
                "mode": "BASIC",
                "vulnerability_mode": "VULNERABILITY_MODE_UNSPECIFIED"
              }
            ],
            "self_link": "https://container.googleapis.com/v1/projects/sanguine-line-437518-u6/zones/us-central1-c/clusters/model-serving-cluster",
            "service_external_ips_config": [
              {
                "enabled": false
              }
            ],
            "services_ipv4_cidr": "10.3.240.0/20",
            "subnetwork": "projects/sanguine-line-437518-u6/regions/us-central1/subnetworks/default",
            "timeouts": null,
            "tpu_ipv4_cidr_block": "",
            "vertical_pod_autoscaling": [],
            "workload_identity_config": []
          },
          "sensitive_attributes": [
            [
              {
                "type": "get_attr",
                "value": "master_auth"
              },
              {
                "type": "index",
                "value": {
                  "value": 0,
                  "type": "number"
                }
              },
              {
                "type": "get_attr",
                "value": "client_key"
              }
            ]
          ],
          "private": "eyJlMmJmYjczMC1lY2FhLTExZTYtOGY4OC0zNDM2M2JjN2M0YzAiOnsiY3JlYXRlIjoyNDAwMDAwMDAwMDAwLCJkZWxldGUiOjI0MDAwMDAwMDAwMDAsInJlYWQiOjI0MDAwMDAwMDAwMDAsInVwZGF0ZSI6MzYwMDAwMDAwMDAwMH0sInNjaGVtYV92ZXJzaW9uIjoiMSJ9"
        }
      ]
    },
    {
      "mode": "managed",
      "type": "google_container_node_pool",
      "name": "logging_cluster_nodes",
      "provider": "provider[\"registry.terraform.io/hashicorp/google\"]",
      "instances": [
        {
          "schema_version": 1,
          "attributes": {
            "autoscaling": [],
            "cluster": "projects/sanguine-line-437518-u6/locations/us-central1-c/clusters/logging-cluster",
            "id": "projects/sanguine-line-437518-u6/locations/us-central1-c/clusters/logging-cluster/nodePools/logging-cluster-nodes",
            "initial_node_count": 2,
            "instance_group_urls": [
              "https://www.googleapis.com/compute/v1/projects/sanguine-line-437518-u6/zones/us-central1-c/instanceGroupManagers/gke-logging-cluster-logging-cluster-n-834ea8f0-grp"
            ],
            "location": "us-central1-c",
            "managed_instance_group_urls": [
              "https://www.googleapis.com/compute/v1/projects/sanguine-line-437518-u6/zones/us-central1-c/instanceGroups/gke-logging-cluster-logging-cluster-n-834ea8f0-grp"
            ],
            "management": [
              {
                "auto_repair": true,
                "auto_upgrade": true
              }
            ],
            "max_pods_per_node": null,
            "name": "logging-cluster-nodes",
            "name_prefix": "",
            "network_config": [],
            "node_config": [
              {
                "advanced_machine_features": [],
                "boot_disk_kms_key": "",
                "disk_size_gb": 50,
                "disk_type": "pd-balanced",
                "ephemeral_storage_local_ssd_config": [],
                "gcfs_config": [],
                "guest_accelerator": [],
                "gvnic": [],
                "host_maintenance_policy": [],
                "image_type": "COS_CONTAINERD",
                "kubelet_config": [],
                "labels": {},
                "linux_node_config": [],
                "local_nvme_ssd_block_config": [],
                "local_ssd_count": 0,
                "logging_variant": "DEFAULT",
                "machine_type": "e2-standard-2",
                "metadata": {
                  "disable-legacy-endpoints": "true"
                },
                "min_cpu_platform": "",
                "node_group": "",
                "oauth_scopes": [
                  "https://www.googleapis.com/auth/devstorage.read_only",
                  "https://www.googleapis.com/auth/logging.write",
                  "https://www.googleapis.com/auth/monitoring",
                  "https://www.googleapis.com/auth/service.management.readonly",
                  "https://www.googleapis.com/auth/servicecontrol",
                  "https://www.googleapis.com/auth/trace.append"
                ],
                "preemptible": false,
                "reservation_affinity": [],
                "resource_labels": null,
                "service_account": "default",
                "shielded_instance_config": [
                  {
                    "enable_integrity_monitoring": true,
                    "enable_secure_boot": false
                  }
                ],
                "sole_tenant_config": [],
                "spot": false,
                "tags": null,
                "taint": [],
                "workload_metadata_config": []
              }
            ],
            "node_count": 2,
            "node_locations": [
              "us-central1-c"
            ],
            "operation": null,
            "placement_policy": [],
            "project": "sanguine-line-437518-u6",
            "timeouts": null,
            "upgrade_settings": [
              {
                "blue_green_settings": [],
                "max_surge": 1,
                "max_unavailable": 0,
                "strategy": "SURGE"
              }
            ],
            "version": "1.30.5-gke.1443001"
          },
          "sensitive_attributes": [],
          "private": "eyJlMmJmYjczMC1lY2FhLTExZTYtOGY4OC0zNDM2M2JjN2M0YzAiOnsiY3JlYXRlIjoxODAwMDAwMDAwMDAwLCJkZWxldGUiOjE4MDAwMDAwMDAwMDAsInVwZGF0ZSI6MTgwMDAwMDAwMDAwMH0sInNjaGVtYV92ZXJzaW9uIjoiMSJ9",
          "dependencies": [
            "google_container_cluster.logging_cluster"
          ]
        }
      ]
    },
    {
      "mode": "managed",
      "type": "google_container_node_pool",
      "name": "metrics_cluster_nodes",
      "provider": "provider[\"registry.terraform.io/hashicorp/google\"]",
      "instances": [
        {
          "schema_version": 1,
          "attributes": {
            "autoscaling": [],
            "cluster": "projects/sanguine-line-437518-u6/locations/us-central1-c/clusters/metrics-cluster",
            "id": "projects/sanguine-line-437518-u6/locations/us-central1-c/clusters/metrics-cluster/nodePools/metrics-cluster-nodes",
            "initial_node_count": 2,
            "instance_group_urls": [
              "https://www.googleapis.com/compute/v1/projects/sanguine-line-437518-u6/zones/us-central1-c/instanceGroupManagers/gke-metrics-cluster-metrics-cluster-n-55e82d2f-grp"
            ],
            "location": "us-central1-c",
            "managed_instance_group_urls": [
              "https://www.googleapis.com/compute/v1/projects/sanguine-line-437518-u6/zones/us-central1-c/instanceGroups/gke-metrics-cluster-metrics-cluster-n-55e82d2f-grp"
            ],
            "management": [
              {
                "auto_repair": true,
                "auto_upgrade": true
              }
            ],
            "max_pods_per_node": null,
            "name": "metrics-cluster-nodes",
            "name_prefix": "",
            "network_config": [],
            "node_config": [
              {
                "advanced_machine_features": [],
                "boot_disk_kms_key": "",
                "disk_size_gb": 50,
                "disk_type": "pd-balanced",
                "ephemeral_storage_local_ssd_config": [],
                "gcfs_config": [],
                "guest_accelerator": [],
                "gvnic": [],
                "host_maintenance_policy": [],
                "image_type": "COS_CONTAINERD",
                "kubelet_config": [],
                "labels": {},
                "linux_node_config": [],
                "local_nvme_ssd_block_config": [],
                "local_ssd_count": 0,
                "logging_variant": "DEFAULT",
                "machine_type": "e2-standard-2",
                "metadata": {
                  "disable-legacy-endpoints": "true"
                },
                "min_cpu_platform": "",
                "node_group": "",
                "oauth_scopes": [
                  "https://www.googleapis.com/auth/devstorage.read_only",
                  "https://www.googleapis.com/auth/logging.write",
                  "https://www.googleapis.com/auth/monitoring",
                  "https://www.googleapis.com/auth/service.management.readonly",
                  "https://www.googleapis.com/auth/servicecontrol",
                  "https://www.googleapis.com/auth/trace.append"
                ],
                "preemptible": false,
                "reservation_affinity": [],
                "resource_labels": null,
                "service_account": "default",
                "shielded_instance_config": [
                  {
                    "enable_integrity_monitoring": true,
                    "enable_secure_boot": false
                  }
                ],
                "sole_tenant_config": [],
                "spot": false,
                "tags": null,
                "taint": [],
                "workload_metadata_config": []
              }
            ],
            "node_count": 2,
            "node_locations": [
              "us-central1-c"
            ],
            "operation": null,
            "placement_policy": [],
            "project": "sanguine-line-437518-u6",
            "timeouts": null,
            "upgrade_settings": [
              {
                "blue_green_settings": [],
                "max_surge": 1,
                "max_unavailable": 0,
                "strategy": "SURGE"
              }
            ],
            "version": "1.30.5-gke.1443001"
          },
          "sensitive_attributes": [],
          "private": "eyJlMmJmYjczMC1lY2FhLTExZTYtOGY4OC0zNDM2M2JjN2M0YzAiOnsiY3JlYXRlIjoxODAwMDAwMDAwMDAwLCJkZWxldGUiOjE4MDAwMDAwMDAwMDAsInVwZGF0ZSI6MTgwMDAwMDAwMDAwMH0sInNjaGVtYV92ZXJzaW9uIjoiMSJ9",
          "dependencies": [
            "google_container_cluster.metrics_cluster"
          ]
        }
      ]
    },
    {
      "mode": "managed",
      "type": "google_container_node_pool",
      "name": "model_serving_cluster_nodes",
      "provider": "provider[\"registry.terraform.io/hashicorp/google\"]",
      "instances": [
        {
          "schema_version": 1,
          "attributes": {
            "autoscaling": [],
            "cluster": "projects/sanguine-line-437518-u6/locations/us-central1-c/clusters/model-serving-cluster",
            "id": "projects/sanguine-line-437518-u6/locations/us-central1-c/clusters/model-serving-cluster/nodePools/model-serving-cluster-nodes",
            "initial_node_count": 2,
            "instance_group_urls": [
              "https://www.googleapis.com/compute/v1/projects/sanguine-line-437518-u6/zones/us-central1-c/instanceGroupManagers/gke-model-serving-cl-model-serving-cl-2d04de3d-grp"
            ],
            "location": "us-central1-c",
            "managed_instance_group_urls": [
              "https://www.googleapis.com/compute/v1/projects/sanguine-line-437518-u6/zones/us-central1-c/instanceGroups/gke-model-serving-cl-model-serving-cl-2d04de3d-grp"
            ],
            "management": [
              {
                "auto_repair": true,
                "auto_upgrade": true
              }
            ],
            "max_pods_per_node": null,
            "name": "model-serving-cluster-nodes",
            "name_prefix": "",
            "network_config": [],
            "node_config": [
              {
                "advanced_machine_features": [],
                "boot_disk_kms_key": "",
                "disk_size_gb": 50,
                "disk_type": "pd-balanced",
                "ephemeral_storage_local_ssd_config": [],
                "gcfs_config": [],
                "guest_accelerator": [],
                "gvnic": [],
                "host_maintenance_policy": [],
                "image_type": "COS_CONTAINERD",
                "kubelet_config": [],
                "labels": {},
                "linux_node_config": [],
                "local_nvme_ssd_block_config": [],
                "local_ssd_count": 0,
                "logging_variant": "DEFAULT",
                "machine_type": "e2-standard-2",
                "metadata": {
                  "disable-legacy-endpoints": "true"
                },
                "min_cpu_platform": "",
                "node_group": "",
                "oauth_scopes": [
                  "https://www.googleapis.com/auth/devstorage.read_only",
                  "https://www.googleapis.com/auth/logging.write",
                  "https://www.googleapis.com/auth/monitoring",
                  "https://www.googleapis.com/auth/service.management.readonly",
                  "https://www.googleapis.com/auth/servicecontrol",
                  "https://www.googleapis.com/auth/trace.append"
                ],
                "preemptible": false,
                "reservation_affinity": [],
                "resource_labels": null,
                "service_account": "default",
                "shielded_instance_config": [
                  {
                    "enable_integrity_monitoring": true,
                    "enable_secure_boot": false
                  }
                ],
                "sole_tenant_config": [],
                "spot": false,
                "tags": null,
                "taint": [],
                "workload_metadata_config": []
              }
            ],
            "node_count": 2,
            "node_locations": [
              "us-central1-c"
            ],
            "operation": null,
            "placement_policy": [],
            "project": "sanguine-line-437518-u6",
            "timeouts": null,
            "upgrade_settings": [
              {
                "blue_green_settings": [],
                "max_surge": 1,
                "max_unavailable": 0,
                "strategy": "SURGE"
              }
            ],
            "version": "1.30.5-gke.1443001"
          },
          "sensitive_attributes": [],
          "private": "eyJlMmJmYjczMC1lY2FhLTExZTYtOGY4OC0zNDM2M2JjN2M0YzAiOnsiY3JlYXRlIjoxODAwMDAwMDAwMDAwLCJkZWxldGUiOjE4MDAwMDAwMDAwMDAsInVwZGF0ZSI6MTgwMDAwMDAwMDAwMH0sInNjaGVtYV92ZXJzaW9uIjoiMSJ9",
          "dependencies": [
            "google_container_cluster.model_serving_cluster"
          ]
        }
      ]
    }
  ],
  "check_results": null
}
